
Microsoft Visual Studio Solution File, Format Version 12.00
# Visual Studio Version 16
VisualStudioVersion = 16.0.31005.135
MinimumVisualStudioVersion = 10.0.40219.1
Project("{FAE04EC0-301F-11D3-BF4B-00C04F79EFBC}") = "RPGTerminal", "RPGTerminal\RPGTerminal.csproj", "{8F4E81AC-77B8-4413-9E58-126121902D47}"
EndProject
Global
	GlobalSection(SolutionConfigurationPlatforms) = preSolution
		Debug|Any CPU = Debug|Any CPU
		Release|Any CPU = Release|Any CPU
	EndGlobalSection
	GlobalSection(ProjectConfigurationPlatforms) = postSolution
		{8F4E81AC-77B8-4413-9E58-126121902D47}.Debug|Any CPU.ActiveCfg = Debug|Any CPU
		{8F4E81AC-77B8-4413-9E58-126121902D47}.Debug|Any CPU.Build.0 = Debug|Any CPU
		{8F4E81AC-77B8-4413-9E58-126121902D47}.Release|Any CPU.ActiveCfg = Release|Any CPU
		{8F4E81AC-77B8-4413-9E58-126121902D47}.Release|Any CPU.Build.0 = Release|Any CPU
	EndGlobalSection
	GlobalSection(SolutionProperties) = preSolution
		HideSolutionNode = FALSE
	EndGlobalSection
	GlobalSection(ExtensibilityGlobals) = postSolution
		SolutionGuid = {FF454B2D-F197-4ADA-ACA1-AC6C0FE4F75C}
	EndGlobalSection
EndGlobal
